
Microsoft Visual Studio Solution File, Format Version 12.00
# Visual Studio Version 17
VisualStudioVersion = 17.9.34728.123
MinimumVisualStudioVersion = 10.0.40219.1
Project("{8BC9CEB8-8B4A-11D0-8D11-00A0C91BC942}") = "MallocExercise", "MallocExercise\MallocExercise.vcxproj", "{4476D130-DA04-48AB-82DF-F3C278311BB0}"
EndProject
Project("{8BC9CEB8-8B4A-11D0-8D11-00A0C91BC942}") = "Dynamic", "Dynamic\Dynamic.vcxproj", "{FA2B4BA8-D460-4E9B-8F7B-DC71301E8373}"
EndProject
Project("{2150E333-8FDC-42A3-9474-1A3956D46DE8}") = "Week 1", "Week 1", "{26FBF46E-6AF1-42D8-BFA9-2EA74AF6B158}"
EndProject
Project("{2150E333-8FDC-42A3-9474-1A3956D46DE8}") = "Lab", "Lab", "{F3F7866F-2750-41BD-9823-3FE40748C082}"
EndProject
Project("{8BC9CEB8-8B4A-11D0-8D11-00A0C91BC942}") = "Focused 1", "Focused 1\Focused 1.vcxproj", "{80A5862F-52BF-4DEF-84E6-81892391A39E}"
EndProject
Project("{2150E333-8FDC-42A3-9474-1A3956D46DE8}") = "Week 3", "Week 3", "{E9F52544-58F4-4921-B826-B2BE6CEBD31A}"
EndProject
Project("{8BC9CEB8-8B4A-11D0-8D11-00A0C91BC942}") = "DynamicLinkedList", "DynamicLinkedList\DynamicLinkedList.vcxproj", "{9D255EEC-8164-4A0B-A6BB-062FD7399599}"
EndProject
Project("{8BC9CEB8-8B4A-11D0-8D11-00A0C91BC942}") = "SimpleLinkedList", "SimpleLinkedList\SimpleLinkedList.vcxproj", "{61AF2C30-9010-4EDC-9824-16F0B0D0AD46}"
EndProject
Project("{2150E333-8FDC-42A3-9474-1A3956D46DE8}") = "Lab", "Lab", "{D0663396-4528-4DC3-BCBD-3D2439042611}"
EndProject
Project("{8BC9CEB8-8B4A-11D0-8D11-00A0C91BC942}") = "ItemLinkedList", "ItemLinkedList\ItemLinkedList.vcxproj", "{C3CC304C-2C7C-4DC2-8F9A-7F22D1156C76}"
EndProject
Project("{2150E333-8FDC-42A3-9474-1A3956D46DE8}") = "Week 4", "Week 4", "{C64325DF-A500-4253-95C4-300C630B2DE4}"
EndProject
Project("{8BC9CEB8-8B4A-11D0-8D11-00A0C91BC942}") = "DoubleLinkedList", "DoubleLinkedList\DoubleLinkedList.vcxproj", "{BDFD55F6-45E0-436A-B9D7-AC9C48C1D7C2}"
EndProject
Project("{8BC9CEB8-8B4A-11D0-8D11-00A0C91BC942}") = "SortedDoubleLinkedList", "SortedDoubleLinkedList\SortedDoubleLinkedList.vcxproj", "{3DCFBFE7-B5F6-4051-B4C1-1A86E5E5ED33}"
EndProject
Project("{8BC9CEB8-8B4A-11D0-8D11-00A0C91BC942}") = "SortedLinkedList", "SortedLinkedList\SortedLinkedList.vcxproj", "{2C83F2C5-A961-4A12-A3F5-822C48DE4667}"
EndProject
Project("{2150E333-8FDC-42A3-9474-1A3956D46DE8}") = "Week 5", "Week 5", "{56966A85-579A-40EE-8F13-D652B6D3558F}"
EndProject
Project("{8BC9CEB8-8B4A-11D0-8D11-00A0C91BC942}") = "Stack", "Stack\Stack.vcxproj", "{6DCCDADE-B5F1-41F3-A5E8-63EC9046860B}"
EndProject
Project("{8BC9CEB8-8B4A-11D0-8D11-00A0C91BC942}") = "Queue", "Queue\Queue.vcxproj", "{F66A912C-2205-43C8-8029-4653D349F41D}"
EndProject
Project("{2150E333-8FDC-42A3-9474-1A3956D46DE8}") = "Week 10", "Week 10", "{8190887A-7399-4623-B102-698920E536B9}"
EndProject
Project("{8BC9CEB8-8B4A-11D0-8D11-00A0C91BC942}") = "CircularLinkedList", "CircularLinkedList\CircularLinkedList.vcxproj", "{CB49BF8D-32D0-4323-98A6-2C8AA127798F}"
EndProject
Project("{8BC9CEB8-8B4A-11D0-8D11-00A0C91BC942}") = "CircularArray", "CircularArray\CircularArray.vcxproj", "{A3B63AD6-5B2D-42C6-AD1A-33DEE971E23B}"
EndProject
Global
	GlobalSection(SolutionConfigurationPlatforms) = preSolution
		Debug|x64 = Debug|x64
		Debug|x86 = Debug|x86
		Release|x64 = Release|x64
		Release|x86 = Release|x86
	EndGlobalSection
	GlobalSection(ProjectConfigurationPlatforms) = postSolution
		{4476D130-DA04-48AB-82DF-F3C278311BB0}.Debug|x64.ActiveCfg = Debug|x64
		{4476D130-DA04-48AB-82DF-F3C278311BB0}.Debug|x64.Build.0 = Debug|x64
		{4476D130-DA04-48AB-82DF-F3C278311BB0}.Debug|x86.ActiveCfg = Debug|Win32
		{4476D130-DA04-48AB-82DF-F3C278311BB0}.Debug|x86.Build.0 = Debug|Win32
		{4476D130-DA04-48AB-82DF-F3C278311BB0}.Release|x64.ActiveCfg = Release|x64
		{4476D130-DA04-48AB-82DF-F3C278311BB0}.Release|x64.Build.0 = Release|x64
		{4476D130-DA04-48AB-82DF-F3C278311BB0}.Release|x86.ActiveCfg = Release|Win32
		{4476D130-DA04-48AB-82DF-F3C278311BB0}.Release|x86.Build.0 = Release|Win32
		{FA2B4BA8-D460-4E9B-8F7B-DC71301E8373}.Debug|x64.ActiveCfg = Debug|x64
		{FA2B4BA8-D460-4E9B-8F7B-DC71301E8373}.Debug|x64.Build.0 = Debug|x64
		{FA2B4BA8-D460-4E9B-8F7B-DC71301E8373}.Debug|x86.ActiveCfg = Debug|Win32
		{FA2B4BA8-D460-4E9B-8F7B-DC71301E8373}.Debug|x86.Build.0 = Debug|Win32
		{FA2B4BA8-D460-4E9B-8F7B-DC71301E8373}.Release|x64.ActiveCfg = Release|x64
		{FA2B4BA8-D460-4E9B-8F7B-DC71301E8373}.Release|x64.Build.0 = Release|x64
		{FA2B4BA8-D460-4E9B-8F7B-DC71301E8373}.Release|x86.ActiveCfg = Release|Win32
		{FA2B4BA8-D460-4E9B-8F7B-DC71301E8373}.Release|x86.Build.0 = Release|Win32
		{80A5862F-52BF-4DEF-84E6-81892391A39E}.Debug|x64.ActiveCfg = Debug|x64
		{80A5862F-52BF-4DEF-84E6-81892391A39E}.Debug|x64.Build.0 = Debug|x64
		{80A5862F-52BF-4DEF-84E6-81892391A39E}.Debug|x86.ActiveCfg = Debug|Win32
		{80A5862F-52BF-4DEF-84E6-81892391A39E}.Debug|x86.Build.0 = Debug|Win32
		{80A5862F-52BF-4DEF-84E6-81892391A39E}.Release|x64.ActiveCfg = Release|x64
		{80A5862F-52BF-4DEF-84E6-81892391A39E}.Release|x64.Build.0 = Release|x64
		{80A5862F-52BF-4DEF-84E6-81892391A39E}.Release|x86.ActiveCfg = Release|Win32
		{80A5862F-52BF-4DEF-84E6-81892391A39E}.Release|x86.Build.0 = Release|Win32
		{9D255EEC-8164-4A0B-A6BB-062FD7399599}.Debug|x64.ActiveCfg = Debug|x64
		{9D255EEC-8164-4A0B-A6BB-062FD7399599}.Debug|x64.Build.0 = Debug|x64
		{9D255EEC-8164-4A0B-A6BB-062FD7399599}.Debug|x86.ActiveCfg = Debug|Win32
		{9D255EEC-8164-4A0B-A6BB-062FD7399599}.Debug|x86.Build.0 = Debug|Win32
		{9D255EEC-8164-4A0B-A6BB-062FD7399599}.Release|x64.ActiveCfg = Release|x64
		{9D255EEC-8164-4A0B-A6BB-062FD7399599}.Release|x64.Build.0 = Release|x64
		{9D255EEC-8164-4A0B-A6BB-062FD7399599}.Release|x86.ActiveCfg = Release|Win32
		{9D255EEC-8164-4A0B-A6BB-062FD7399599}.Release|x86.Build.0 = Release|Win32
		{61AF2C30-9010-4EDC-9824-16F0B0D0AD46}.Debug|x64.ActiveCfg = Debug|x64
		{61AF2C30-9010-4EDC-9824-16F0B0D0AD46}.Debug|x64.Build.0 = Debug|x64
		{61AF2C30-9010-4EDC-9824-16F0B0D0AD46}.Debug|x86.ActiveCfg = Debug|Win32
		{61AF2C30-9010-4EDC-9824-16F0B0D0AD46}.Debug|x86.Build.0 = Debug|Win32
		{61AF2C30-9010-4EDC-9824-16F0B0D0AD46}.Release|x64.ActiveCfg = Release|x64
		{61AF2C30-9010-4EDC-9824-16F0B0D0AD46}.Release|x64.Build.0 = Release|x64
		{61AF2C30-9010-4EDC-9824-16F0B0D0AD46}.Release|x86.ActiveCfg = Release|Win32
		{61AF2C30-9010-4EDC-9824-16F0B0D0AD46}.Release|x86.Build.0 = Release|Win32
		{C3CC304C-2C7C-4DC2-8F9A-7F22D1156C76}.Debug|x64.ActiveCfg = Debug|x64
		{C3CC304C-2C7C-4DC2-8F9A-7F22D1156C76}.Debug|x64.Build.0 = Debug|x64
		{C3CC304C-2C7C-4DC2-8F9A-7F22D1156C76}.Debug|x86.ActiveCfg = Debug|Win32
		{C3CC304C-2C7C-4DC2-8F9A-7F22D1156C76}.Debug|x86.Build.0 = Debug|Win32
		{C3CC304C-2C7C-4DC2-8F9A-7F22D1156C76}.Release|x64.ActiveCfg = Release|x64
		{C3CC304C-2C7C-4DC2-8F9A-7F22D1156C76}.Release|x64.Build.0 = Release|x64
		{C3CC304C-2C7C-4DC2-8F9A-7F22D1156C76}.Release|x86.ActiveCfg = Release|Win32
		{C3CC304C-2C7C-4DC2-8F9A-7F22D1156C76}.Release|x86.Build.0 = Release|Win32
		{BDFD55F6-45E0-436A-B9D7-AC9C48C1D7C2}.Debug|x64.ActiveCfg = Debug|x64
		{BDFD55F6-45E0-436A-B9D7-AC9C48C1D7C2}.Debug|x64.Build.0 = Debug|x64
		{BDFD55F6-45E0-436A-B9D7-AC9C48C1D7C2}.Debug|x86.ActiveCfg = Debug|Win32
		{BDFD55F6-45E0-436A-B9D7-AC9C48C1D7C2}.Debug|x86.Build.0 = Debug|Win32
		{BDFD55F6-45E0-436A-B9D7-AC9C48C1D7C2}.Release|x64.ActiveCfg = Release|x64
		{BDFD55F6-45E0-436A-B9D7-AC9C48C1D7C2}.Release|x64.Build.0 = Release|x64
		{BDFD55F6-45E0-436A-B9D7-AC9C48C1D7C2}.Release|x86.ActiveCfg = Release|Win32
		{BDFD55F6-45E0-436A-B9D7-AC9C48C1D7C2}.Release|x86.Build.0 = Release|Win32
		{3DCFBFE7-B5F6-4051-B4C1-1A86E5E5ED33}.Debug|x64.ActiveCfg = Debug|x64
		{3DCFBFE7-B5F6-4051-B4C1-1A86E5E5ED33}.Debug|x64.Build.0 = Debug|x64
		{3DCFBFE7-B5F6-4051-B4C1-1A86E5E5ED33}.Debug|x86.ActiveCfg = Debug|Win32
		{3DCFBFE7-B5F6-4051-B4C1-1A86E5E5ED33}.Debug|x86.Build.0 = Debug|Win32
		{3DCFBFE7-B5F6-4051-B4C1-1A86E5E5ED33}.Release|x64.ActiveCfg = Release|x64
		{3DCFBFE7-B5F6-4051-B4C1-1A86E5E5ED33}.Release|x64.Build.0 = Release|x64
		{3DCFBFE7-B5F6-4051-B4C1-1A86E5E5ED33}.Release|x86.ActiveCfg = Release|Win32
		{3DCFBFE7-B5F6-4051-B4C1-1A86E5E5ED33}.Release|x86.Build.0 = Release|Win32
		{2C83F2C5-A961-4A12-A3F5-822C48DE4667}.Debug|x64.ActiveCfg = Debug|x64
		{2C83F2C5-A961-4A12-A3F5-822C48DE4667}.Debug|x64.Build.0 = Debug|x64
		{2C83F2C5-A961-4A12-A3F5-822C48DE4667}.Debug|x86.ActiveCfg = Debug|Win32
		{2C83F2C5-A961-4A12-A3F5-822C48DE4667}.Debug|x86.Build.0 = Debug|Win32
		{2C83F2C5-A961-4A12-A3F5-822C48DE4667}.Release|x64.ActiveCfg = Release|x64
		{2C83F2C5-A961-4A12-A3F5-822C48DE4667}.Release|x64.Build.0 = Release|x64
		{2C83F2C5-A961-4A12-A3F5-822C48DE4667}.Release|x86.ActiveCfg = Release|Win32
		{2C83F2C5-A961-4A12-A3F5-822C48DE4667}.Release|x86.Build.0 = Release|Win32
		{6DCCDADE-B5F1-41F3-A5E8-63EC9046860B}.Debug|x64.ActiveCfg = Debug|x64
		{6DCCDADE-B5F1-41F3-A5E8-63EC9046860B}.Debug|x64.Build.0 = Debug|x64
		{6DCCDADE-B5F1-41F3-A5E8-63EC9046860B}.Debug|x86.ActiveCfg = Debug|Win32
		{6DCCDADE-B5F1-41F3-A5E8-63EC9046860B}.Debug|x86.Build.0 = Debug|Win32
		{6DCCDADE-B5F1-41F3-A5E8-63EC9046860B}.Release|x64.ActiveCfg = Release|x64
		{6DCCDADE-B5F1-41F3-A5E8-63EC9046860B}.Release|x64.Build.0 = Release|x64
		{6DCCDADE-B5F1-41F3-A5E8-63EC9046860B}.Release|x86.ActiveCfg = Release|Win32
		{6DCCDADE-B5F1-41F3-A5E8-63EC9046860B}.Release|x86.Build.0 = Release|Win32
		{F66A912C-2205-43C8-8029-4653D349F41D}.Debug|x64.ActiveCfg = Debug|x64
		{F66A912C-2205-43C8-8029-4653D349F41D}.Debug|x64.Build.0 = Debug|x64
		{F66A912C-2205-43C8-8029-4653D349F41D}.Debug|x86.ActiveCfg = Debug|Win32
		{F66A912C-2205-43C8-8029-4653D349F41D}.Debug|x86.Build.0 = Debug|Win32
		{F66A912C-2205-43C8-8029-4653D349F41D}.Release|x64.ActiveCfg = Release|x64
		{F66A912C-2205-43C8-8029-4653D349F41D}.Release|x64.Build.0 = Release|x64
		{F66A912C-2205-43C8-8029-4653D349F41D}.Release|x86.ActiveCfg = Release|Win32
		{F66A912C-2205-43C8-8029-4653D349F41D}.Release|x86.Build.0 = Release|Win32
		{CB49BF8D-32D0-4323-98A6-2C8AA127798F}.Debug|x64.ActiveCfg = Debug|x64
		{CB49BF8D-32D0-4323-98A6-2C8AA127798F}.Debug|x64.Build.0 = Debug|x64
		{CB49BF8D-32D0-4323-98A6-2C8AA127798F}.Debug|x86.ActiveCfg = Debug|Win32
		{CB49BF8D-32D0-4323-98A6-2C8AA127798F}.Debug|x86.Build.0 = Debug|Win32
		{CB49BF8D-32D0-4323-98A6-2C8AA127798F}.Release|x64.ActiveCfg = Release|x64
		{CB49BF8D-32D0-4323-98A6-2C8AA127798F}.Release|x64.Build.0 = Release|x64
		{CB49BF8D-32D0-4323-98A6-2C8AA127798F}.Release|x86.ActiveCfg = Release|Win32
		{CB49BF8D-32D0-4323-98A6-2C8AA127798F}.Release|x86.Build.0 = Release|Win32
		{A3B63AD6-5B2D-42C6-AD1A-33DEE971E23B}.Debug|x64.ActiveCfg = Debug|x64
		{A3B63AD6-5B2D-42C6-AD1A-33DEE971E23B}.Debug|x64.Build.0 = Debug|x64
		{A3B63AD6-5B2D-42C6-AD1A-33DEE971E23B}.Debug|x86.ActiveCfg = Debug|Win32
		{A3B63AD6-5B2D-42C6-AD1A-33DEE971E23B}.Debug|x86.Build.0 = Debug|Win32
		{A3B63AD6-5B2D-42C6-AD1A-33DEE971E23B}.Release|x64.ActiveCfg = Release|x64
		{A3B63AD6-5B2D-42C6-AD1A-33DEE971E23B}.Release|x64.Build.0 = Release|x64
		{A3B63AD6-5B2D-42C6-AD1A-33DEE971E23B}.Release|x86.ActiveCfg = Release|Win32
		{A3B63AD6-5B2D-42C6-AD1A-33DEE971E23B}.Release|x86.Build.0 = Release|Win32
	EndGlobalSection
	GlobalSection(SolutionProperties) = preSolution
		HideSolutionNode = FALSE
	EndGlobalSection
	GlobalSection(NestedProjects) = preSolution
		{4476D130-DA04-48AB-82DF-F3C278311BB0} = {F3F7866F-2750-41BD-9823-3FE40748C082}
		{FA2B4BA8-D460-4E9B-8F7B-DC71301E8373} = {F3F7866F-2750-41BD-9823-3FE40748C082}
		{F3F7866F-2750-41BD-9823-3FE40748C082} = {26FBF46E-6AF1-42D8-BFA9-2EA74AF6B158}
		{80A5862F-52BF-4DEF-84E6-81892391A39E} = {26FBF46E-6AF1-42D8-BFA9-2EA74AF6B158}
		{9D255EEC-8164-4A0B-A6BB-062FD7399599} = {D0663396-4528-4DC3-BCBD-3D2439042611}
		{61AF2C30-9010-4EDC-9824-16F0B0D0AD46} = {D0663396-4528-4DC3-BCBD-3D2439042611}
		{D0663396-4528-4DC3-BCBD-3D2439042611} = {E9F52544-58F4-4921-B826-B2BE6CEBD31A}
		{C3CC304C-2C7C-4DC2-8F9A-7F22D1156C76} = {D0663396-4528-4DC3-BCBD-3D2439042611}
		{BDFD55F6-45E0-436A-B9D7-AC9C48C1D7C2} = {C64325DF-A500-4253-95C4-300C630B2DE4}
		{3DCFBFE7-B5F6-4051-B4C1-1A86E5E5ED33} = {C64325DF-A500-4253-95C4-300C630B2DE4}
		{2C83F2C5-A961-4A12-A3F5-822C48DE4667} = {C64325DF-A500-4253-95C4-300C630B2DE4}
		{6DCCDADE-B5F1-41F3-A5E8-63EC9046860B} = {56966A85-579A-40EE-8F13-D652B6D3558F}
		{F66A912C-2205-43C8-8029-4653D349F41D} = {56966A85-579A-40EE-8F13-D652B6D3558F}
		{CB49BF8D-32D0-4323-98A6-2C8AA127798F} = {8190887A-7399-4623-B102-698920E536B9}
		{A3B63AD6-5B2D-42C6-AD1A-33DEE971E23B} = {8190887A-7399-4623-B102-698920E536B9}
	EndGlobalSection
	GlobalSection(ExtensibilityGlobals) = postSolution
		SolutionGuid = {2E5C72C1-7F6E-4947-A029-D38E7401185F}
	EndGlobalSection
EndGlobal
